
Microsoft Visual Studio Solution File, Format Version 12.00
# Visual Studio Version 17
VisualStudioVersion = 17.0.31903.59
MinimumVisualStudioVersion = 10.0.40219.1
Project("{2150E333-8FDC-42A3-9474-1A3956D46DE8}") = "src", "src", "{CB76EEAA-621A-4916-9E81-DEE416E2AFDF}"
EndProject
Project("{FAE04EC0-301F-11D3-BF4B-00C04F79EFBC}") = "VirtualHidSimulator.App", "src\VirtualHidSimulator.App\VirtualHidSimulator.App.csproj", "{18C137C8-8476-4030-9EC7-981F69ECC8DA}"
EndProject
Global
	GlobalSection(SolutionConfigurationPlatforms) = preSolution
		Debug|Any CPU = Debug|Any CPU
		Release|Any CPU = Release|Any CPU
	EndGlobalSection
	GlobalSection(SolutionProperties) = preSolution
		HideSolutionNode = FALSE
	EndGlobalSection
	GlobalSection(ProjectConfigurationPlatforms) = postSolution
		{18C137C8-8476-4030-9EC7-981F69ECC8DA}.Debug|Any CPU.ActiveCfg = Debug|Any CPU
		{18C137C8-8476-4030-9EC7-981F69ECC8DA}.Debug|Any CPU.Build.0 = Debug|Any CPU
		{18C137C8-8476-4030-9EC7-981F69ECC8DA}.Release|Any CPU.ActiveCfg = Release|Any CPU
		{18C137C8-8476-4030-9EC7-981F69ECC8DA}.Release|Any CPU.Build.0 = Release|Any CPU
	EndGlobalSection
	GlobalSection(NestedProjects) = preSolution
		{18C137C8-8476-4030-9EC7-981F69ECC8DA} = {CB76EEAA-621A-4916-9E81-DEE416E2AFDF}
	EndGlobalSection
EndGlobal
